// !$*UTF8*$!
{
	archiveVersion = 1;
	classes = {
	};
	objectVersion = 56;
	objects = {

/* Begin PBXBuildFile section */
		A32372852B5ECE2B00678E7D /* GoogleService-Info.plist in Resources */ = {isa = PBXBuildFile; fileRef = A32372842B5ECE2B00678E7D /* GoogleService-Info.plist */; };
		A32372872B6021DB00678E7D /* Constants.swift in Sources */ = {isa = PBXBuildFile; fileRef = A32372862B6021DB00678E7D /* Constants.swift */; };
		A32372892B616FA600678E7D /* Message.swift in Sources */ = {isa = PBXBuildFile; fileRef = A32372882B616FA600678E7D /* Message.swift */; };
		A323728C2B6175F700678E7D /* MessageCell.swift in Sources */ = {isa = PBXBuildFile; fileRef = A323728A2B6175F700678E7D /* MessageCell.swift */; };
		A323728D2B6175F700678E7D /* MessageCell.xib in Resources */ = {isa = PBXBuildFile; fileRef = A323728B2B6175F700678E7D /* MessageCell.xib */; };
		A32372902B64231000678E7D /* IQKeyboardManagerSwift in Frameworks */ = {isa = PBXBuildFile; productRef = A323728F2B64231000678E7D /* IQKeyboardManagerSwift */; };
		A32AC4EC2B583D0C00C71A49 /* AppDelegate.swift in Sources */ = {isa = PBXBuildFile; fileRef = A32AC4EB2B583D0C00C71A49 /* AppDelegate.swift */; };
		A32AC4EE2B583D0C00C71A49 /* SceneDelegate.swift in Sources */ = {isa = PBXBuildFile; fileRef = A32AC4ED2B583D0C00C71A49 /* SceneDelegate.swift */; };
		A32AC4F02B583D0C00C71A49 /* WelcomeViewController.swift in Sources */ = {isa = PBXBuildFile; fileRef = A32AC4EF2B583D0C00C71A49 /* WelcomeViewController.swift */; };
		A32AC4F32B583D0C00C71A49 /* Main.storyboard in Resources */ = {isa = PBXBuildFile; fileRef = A32AC4F12B583D0C00C71A49 /* Main.storyboard */; };
		A32AC4F52B583D0F00C71A49 /* Assets.xcassets in Resources */ = {isa = PBXBuildFile; fileRef = A32AC4F42B583D0F00C71A49 /* Assets.xcassets */; };
		A32AC4F82B583D0F00C71A49 /* LaunchScreen.storyboard in Resources */ = {isa = PBXBuildFile; fileRef = A32AC4F62B583D0F00C71A49 /* LaunchScreen.storyboard */; };
		A34B3B452B59A29400945525 /* RegisterViewController.swift in Sources */ = {isa = PBXBuildFile; fileRef = A34B3B442B59A29400945525 /* RegisterViewController.swift */; };
		A34B3B472B59A2DE00945525 /* LogInViewController.swift in Sources */ = {isa = PBXBuildFile; fileRef = A34B3B462B59A2DE00945525 /* LogInViewController.swift */; };
		A34B3B492B59A31300945525 /* ChatViewController.swift in Sources */ = {isa = PBXBuildFile; fileRef = A34B3B482B59A31300945525 /* ChatViewController.swift */; };
		A3F5F0E32B5EC6AA00560A3D /* FirebaseAnalytics in Frameworks */ = {isa = PBXBuildFile; productRef = A3F5F0E22B5EC6AA00560A3D /* FirebaseAnalytics */; };
		A3F5F0E52B5EC6AA00560A3D /* FirebaseAnalyticsOnDeviceConversion in Frameworks */ = {isa = PBXBuildFile; productRef = A3F5F0E42B5EC6AA00560A3D /* FirebaseAnalyticsOnDeviceConversion */; };
		A3F5F0E72B5EC6AA00560A3D /* FirebaseAnalyticsSwift in Frameworks */ = {isa = PBXBuildFile; productRef = A3F5F0E62B5EC6AA00560A3D /* FirebaseAnalyticsSwift */; };
		A3F5F0E92B5EC6AA00560A3D /* FirebaseAnalyticsWithoutAdIdSupport in Frameworks */ = {isa = PBXBuildFile; productRef = A3F5F0E82B5EC6AA00560A3D /* FirebaseAnalyticsWithoutAdIdSupport */; };
		A3F5F0EB2B5EC6AA00560A3D /* FirebaseAppCheck in Frameworks */ = {isa = PBXBuildFile; productRef = A3F5F0EA2B5EC6AA00560A3D /* FirebaseAppCheck */; };
		A3F5F0ED2B5EC6AA00560A3D /* FirebaseAppDistribution-Beta in Frameworks */ = {isa = PBXBuildFile; productRef = A3F5F0EC2B5EC6AA00560A3D /* FirebaseAppDistribution-Beta */; };
		A3F5F0EF2B5EC6AA00560A3D /* FirebaseAuth in Frameworks */ = {isa = PBXBuildFile; productRef = A3F5F0EE2B5EC6AA00560A3D /* FirebaseAuth */; };
		A3F5F0F12B5EC6AA00560A3D /* FirebaseAuthCombine-Community in Frameworks */ = {isa = PBXBuildFile; productRef = A3F5F0F02B5EC6AA00560A3D /* FirebaseAuthCombine-Community */; };
		A3F5F0F32B5EC6AA00560A3D /* FirebaseCrashlytics in Frameworks */ = {isa = PBXBuildFile; productRef = A3F5F0F22B5EC6AA00560A3D /* FirebaseCrashlytics */; };
		A3F5F0F52B5EC6AA00560A3D /* FirebaseDatabase in Frameworks */ = {isa = PBXBuildFile; productRef = A3F5F0F42B5EC6AA00560A3D /* FirebaseDatabase */; };
		A3F5F0F72B5EC6AA00560A3D /* FirebaseDatabaseSwift in Frameworks */ = {isa = PBXBuildFile; productRef = A3F5F0F62B5EC6AA00560A3D /* FirebaseDatabaseSwift */; };
		A3F5F0F92B5EC6AA00560A3D /* FirebaseDynamicLinks in Frameworks */ = {isa = PBXBuildFile; productRef = A3F5F0F82B5EC6AA00560A3D /* FirebaseDynamicLinks */; };
		A3F5F0FB2B5EC6AA00560A3D /* FirebaseFirestore in Frameworks */ = {isa = PBXBuildFile; productRef = A3F5F0FA2B5EC6AA00560A3D /* FirebaseFirestore */; };
		A3F5F0FD2B5EC6AA00560A3D /* FirebaseFirestoreCombine-Community in Frameworks */ = {isa = PBXBuildFile; productRef = A3F5F0FC2B5EC6AA00560A3D /* FirebaseFirestoreCombine-Community */; };
		A3F5F0FF2B5EC6AA00560A3D /* FirebaseFirestoreSwift in Frameworks */ = {isa = PBXBuildFile; productRef = A3F5F0FE2B5EC6AA00560A3D /* FirebaseFirestoreSwift */; };
		A3F5F1012B5EC6AA00560A3D /* FirebaseFunctions in Frameworks */ = {isa = PBXBuildFile; productRef = A3F5F1002B5EC6AA00560A3D /* FirebaseFunctions */; };
		A3F5F1032B5EC6AA00560A3D /* FirebaseFunctionsCombine-Community in Frameworks */ = {isa = PBXBuildFile; productRef = A3F5F1022B5EC6AA00560A3D /* FirebaseFunctionsCombine-Community */; };
		A3F5F1052B5EC6AA00560A3D /* FirebaseInAppMessaging-Beta in Frameworks */ = {isa = PBXBuildFile; productRef = A3F5F1042B5EC6AA00560A3D /* FirebaseInAppMessaging-Beta */; };
		A3F5F1072B5EC6AA00560A3D /* FirebaseInAppMessagingSwift-Beta in Frameworks */ = {isa = PBXBuildFile; productRef = A3F5F1062B5EC6AA00560A3D /* FirebaseInAppMessagingSwift-Beta */; };
		A3F5F1092B5EC6AA00560A3D /* FirebaseInstallations in Frameworks */ = {isa = PBXBuildFile; productRef = A3F5F1082B5EC6AA00560A3D /* FirebaseInstallations */; };
		A3F5F10B2B5EC6AA00560A3D /* FirebaseMLModelDownloader in Frameworks */ = {isa = PBXBuildFile; productRef = A3F5F10A2B5EC6AA00560A3D /* FirebaseMLModelDownloader */; };
		A3F5F10D2B5EC6AA00560A3D /* FirebaseMessaging in Frameworks */ = {isa = PBXBuildFile; productRef = A3F5F10C2B5EC6AA00560A3D /* FirebaseMessaging */; };
		A3F5F10F2B5EC6AA00560A3D /* FirebasePerformance in Frameworks */ = {isa = PBXBuildFile; productRef = A3F5F10E2B5EC6AA00560A3D /* FirebasePerformance */; };
		A3F5F1112B5EC6AA00560A3D /* FirebaseRemoteConfig in Frameworks */ = {isa = PBXBuildFile; productRef = A3F5F1102B5EC6AA00560A3D /* FirebaseRemoteConfig */; };
		A3F5F1132B5EC6AA00560A3D /* FirebaseRemoteConfigSwift in Frameworks */ = {isa = PBXBuildFile; productRef = A3F5F1122B5EC6AA00560A3D /* FirebaseRemoteConfigSwift */; };
		A3F5F1152B5EC6AA00560A3D /* FirebaseStorage in Frameworks */ = {isa = PBXBuildFile; productRef = A3F5F1142B5EC6AA00560A3D /* FirebaseStorage */; };
		A3F5F1172B5EC6AA00560A3D /* FirebaseStorageCombine-Community in Frameworks */ = {isa = PBXBuildFile; productRef = A3F5F1162B5EC6AA00560A3D /* FirebaseStorageCombine-Community */; };
/* End PBXBuildFile section */

/* Begin PBXFileReference section */
		A32372842B5ECE2B00678E7D /* GoogleService-Info.plist */ = {isa = PBXFileReference; fileEncoding = 4; lastKnownFileType = text.plist.xml; path = "GoogleService-Info.plist"; sourceTree = "<group>"; };
		A32372862B6021DB00678E7D /* Constants.swift */ = {isa = PBXFileReference; lastKnownFileType = sourcecode.swift; path = Constants.swift; sourceTree = "<group>"; };
		A32372882B616FA600678E7D /* Message.swift */ = {isa = PBXFileReference; lastKnownFileType = sourcecode.swift; path = Message.swift; sourceTree = "<group>"; };
		A323728A2B6175F700678E7D /* MessageCell.swift */ = {isa = PBXFileReference; lastKnownFileType = sourcecode.swift; path = MessageCell.swift; sourceTree = "<group>"; };
		A323728B2B6175F700678E7D /* MessageCell.xib */ = {isa = PBXFileReference; lastKnownFileType = file.xib; path = MessageCell.xib; sourceTree = "<group>"; };
		A32AC4E82B583D0C00C71A49 /* Chatty.app */ = {isa = PBXFileReference; explicitFileType = wrapper.application; includeInIndex = 0; path = Chatty.app; sourceTree = BUILT_PRODUCTS_DIR; };
		A32AC4EB2B583D0C00C71A49 /* AppDelegate.swift */ = {isa = PBXFileReference; lastKnownFileType = sourcecode.swift; path = AppDelegate.swift; sourceTree = "<group>"; };
		A32AC4ED2B583D0C00C71A49 /* SceneDelegate.swift */ = {isa = PBXFileReference; lastKnownFileType = sourcecode.swift; path = SceneDelegate.swift; sourceTree = "<group>"; };
		A32AC4EF2B583D0C00C71A49 /* WelcomeViewController.swift */ = {isa = PBXFileReference; lastKnownFileType = sourcecode.swift; path = WelcomeViewController.swift; sourceTree = "<group>"; };
		A32AC4F22B583D0C00C71A49 /* Base */ = {isa = PBXFileReference; lastKnownFileType = file.storyboard; name = Base; path = Base.lproj/Main.storyboard; sourceTree = "<group>"; };
		A32AC4F42B583D0F00C71A49 /* Assets.xcassets */ = {isa = PBXFileReference; lastKnownFileType = folder.assetcatalog; path = Assets.xcassets; sourceTree = "<group>"; };
		A32AC4F72B583D0F00C71A49 /* Base */ = {isa = PBXFileReference; lastKnownFileType = file.storyboard; name = Base; path = Base.lproj/LaunchScreen.storyboard; sourceTree = "<group>"; };
		A32AC4F92B583D0F00C71A49 /* Info.plist */ = {isa = PBXFileReference; lastKnownFileType = text.plist.xml; path = Info.plist; sourceTree = "<group>"; };
		A34B3B442B59A29400945525 /* RegisterViewController.swift */ = {isa = PBXFileReference; lastKnownFileType = sourcecode.swift; path = RegisterViewController.swift; sourceTree = "<group>"; };
		A34B3B462B59A2DE00945525 /* LogInViewController.swift */ = {isa = PBXFileReference; lastKnownFileType = sourcecode.swift; path = LogInViewController.swift; sourceTree = "<group>"; };
		A34B3B482B59A31300945525 /* ChatViewController.swift */ = {isa = PBXFileReference; lastKnownFileType = sourcecode.swift; path = ChatViewController.swift; sourceTree = "<group>"; };
/* End PBXFileReference section */

/* Begin PBXFrameworksBuildPhase section */
		A32AC4E52B583D0C00C71A49 /* Frameworks */ = {
			isa = PBXFrameworksBuildPhase;
			buildActionMask = 2147483647;
			files = (
				A3F5F0F52B5EC6AA00560A3D /* FirebaseDatabase in Frameworks */,
				A3F5F1032B5EC6AA00560A3D /* FirebaseFunctionsCombine-Community in Frameworks */,
				A3F5F0FB2B5EC6AA00560A3D /* FirebaseFirestore in Frameworks */,
				A3F5F0E72B5EC6AA00560A3D /* FirebaseAnalyticsSwift in Frameworks */,
				A3F5F0E32B5EC6AA00560A3D /* FirebaseAnalytics in Frameworks */,
				A3F5F0E52B5EC6AA00560A3D /* FirebaseAnalyticsOnDeviceConversion in Frameworks */,
				A3F5F10B2B5EC6AA00560A3D /* FirebaseMLModelDownloader in Frameworks */,
				A3F5F0FF2B5EC6AA00560A3D /* FirebaseFirestoreSwift in Frameworks */,
				A3F5F0EB2B5EC6AA00560A3D /* FirebaseAppCheck in Frameworks */,
				A3F5F0E92B5EC6AA00560A3D /* FirebaseAnalyticsWithoutAdIdSupport in Frameworks */,
				A3F5F0EF2B5EC6AA00560A3D /* FirebaseAuth in Frameworks */,
				A3F5F0F32B5EC6AA00560A3D /* FirebaseCrashlytics in Frameworks */,
				A3F5F1132B5EC6AA00560A3D /* FirebaseRemoteConfigSwift in Frameworks */,
				A3F5F1052B5EC6AA00560A3D /* FirebaseInAppMessaging-Beta in Frameworks */,
				A3F5F0F72B5EC6AA00560A3D /* FirebaseDatabaseSwift in Frameworks */,
				A3F5F1012B5EC6AA00560A3D /* FirebaseFunctions in Frameworks */,
				A3F5F1172B5EC6AA00560A3D /* FirebaseStorageCombine-Community in Frameworks */,
				A3F5F1112B5EC6AA00560A3D /* FirebaseRemoteConfig in Frameworks */,
				A3F5F0ED2B5EC6AA00560A3D /* FirebaseAppDistribution-Beta in Frameworks */,
				A3F5F0F12B5EC6AA00560A3D /* FirebaseAuthCombine-Community in Frameworks */,
				A3F5F10F2B5EC6AA00560A3D /* FirebasePerformance in Frameworks */,
				A32372902B64231000678E7D /* IQKeyboardManagerSwift in Frameworks */,
				A3F5F1072B5EC6AA00560A3D /* FirebaseInAppMessagingSwift-Beta in Frameworks */,
				A3F5F1152B5EC6AA00560A3D /* FirebaseStorage in Frameworks */,
				A3F5F0F92B5EC6AA00560A3D /* FirebaseDynamicLinks in Frameworks */,
				A3F5F0FD2B5EC6AA00560A3D /* FirebaseFirestoreCombine-Community in Frameworks */,
				A3F5F10D2B5EC6AA00560A3D /* FirebaseMessaging in Frameworks */,
				A3F5F1092B5EC6AA00560A3D /* FirebaseInstallations in Frameworks */,
			);
			runOnlyForDeploymentPostprocessing = 0;
		};
/* End PBXFrameworksBuildPhase section */

/* Begin PBXGroup section */
		A32AC4DF2B583D0C00C71A49 = {
			isa = PBXGroup;
			children = (
				A32AC4EA2B583D0C00C71A49 /* Chatty */,
				A32AC4E92B583D0C00C71A49 /* Products */,
			);
			sourceTree = "<group>";
		};
		A32AC4E92B583D0C00C71A49 /* Products */ = {
			isa = PBXGroup;
			children = (
				A32AC4E82B583D0C00C71A49 /* Chatty.app */,
			);
			name = Products;
			sourceTree = "<group>";
		};
		A32AC4EA2B583D0C00C71A49 /* Chatty */ = {
			isa = PBXGroup;
			children = (
				A32AC4EB2B583D0C00C71A49 /* AppDelegate.swift */,
				A32AC4ED2B583D0C00C71A49 /* SceneDelegate.swift */,
				A32AC5012B583D7800C71A49 /* Model */,
				A32AC4FF2B583D5300C71A49 /* View */,
				A32AC5002B583D5E00C71A49 /* Controller */,
				A32AC4F42B583D0F00C71A49 /* Assets.xcassets */,
				A32AC4F62B583D0F00C71A49 /* LaunchScreen.storyboard */,
				A32AC4F92B583D0F00C71A49 /* Info.plist */,
				A32372842B5ECE2B00678E7D /* GoogleService-Info.plist */,
				A32372862B6021DB00678E7D /* Constants.swift */,
			);
			path = Chatty;
			sourceTree = "<group>";
		};
		A32AC4FF2B583D5300C71A49 /* View */ = {
			isa = PBXGroup;
			children = (
				A32AC4F12B583D0C00C71A49 /* Main.storyboard */,
				A323728A2B6175F700678E7D /* MessageCell.swift */,
				A323728B2B6175F700678E7D /* MessageCell.xib */,
			);
			path = View;
			sourceTree = "<group>";
		};
		A32AC5002B583D5E00C71A49 /* Controller */ = {
			isa = PBXGroup;
			children = (
				A32AC4EF2B583D0C00C71A49 /* WelcomeViewController.swift */,
				A34B3B442B59A29400945525 /* RegisterViewController.swift */,
				A34B3B462B59A2DE00945525 /* LogInViewController.swift */,
				A34B3B482B59A31300945525 /* ChatViewController.swift */,
			);
			path = Controller;
			sourceTree = "<group>";
		};
		A32AC5012B583D7800C71A49 /* Model */ = {
			isa = PBXGroup;
			children = (
				A32372882B616FA600678E7D /* Message.swift */,
			);
			path = Model;
			sourceTree = "<group>";
		};
/* End PBXGroup section */

/* Begin PBXNativeTarget section */
		A32AC4E72B583D0C00C71A49 /* Chatty */ = {
			isa = PBXNativeTarget;
			buildConfigurationList = A32AC4FC2B583D0F00C71A49 /* Build configuration list for PBXNativeTarget "Chatty" */;
			buildPhases = (
				A32AC4E42B583D0C00C71A49 /* Sources */,
				A32AC4E52B583D0C00C71A49 /* Frameworks */,
				A32AC4E62B583D0C00C71A49 /* Resources */,
			);
			buildRules = (
			);
			dependencies = (
			);
			name = Chatty;
			packageProductDependencies = (
				A3F5F0E22B5EC6AA00560A3D /* FirebaseAnalytics */,
				A3F5F0E42B5EC6AA00560A3D /* FirebaseAnalyticsOnDeviceConversion */,
				A3F5F0E62B5EC6AA00560A3D /* FirebaseAnalyticsSwift */,
				A3F5F0E82B5EC6AA00560A3D /* FirebaseAnalyticsWithoutAdIdSupport */,
				A3F5F0EA2B5EC6AA00560A3D /* FirebaseAppCheck */,
				A3F5F0EC2B5EC6AA00560A3D /* FirebaseAppDistribution-Beta */,
				A3F5F0EE2B5EC6AA00560A3D /* FirebaseAuth */,
				A3F5F0F02B5EC6AA00560A3D /* FirebaseAuthCombine-Community */,
				A3F5F0F22B5EC6AA00560A3D /* FirebaseCrashlytics */,
				A3F5F0F42B5EC6AA00560A3D /* FirebaseDatabase */,
				A3F5F0F62B5EC6AA00560A3D /* FirebaseDatabaseSwift */,
				A3F5F0F82B5EC6AA00560A3D /* FirebaseDynamicLinks */,
				A3F5F0FA2B5EC6AA00560A3D /* FirebaseFirestore */,
				A3F5F0FC2B5EC6AA00560A3D /* FirebaseFirestoreCombine-Community */,
				A3F5F0FE2B5EC6AA00560A3D /* FirebaseFirestoreSwift */,
				A3F5F1002B5EC6AA00560A3D /* FirebaseFunctions */,
				A3F5F1022B5EC6AA00560A3D /* FirebaseFunctionsCombine-Community */,
				A3F5F1042B5EC6AA00560A3D /* FirebaseInAppMessaging-Beta */,
				A3F5F1062B5EC6AA00560A3D /* FirebaseInAppMessagingSwift-Beta */,
				A3F5F1082B5EC6AA00560A3D /* FirebaseInstallations */,
				A3F5F10A2B5EC6AA00560A3D /* FirebaseMLModelDownloader */,
				A3F5F10C2B5EC6AA00560A3D /* FirebaseMessaging */,
				A3F5F10E2B5EC6AA00560A3D /* FirebasePerformance */,
				A3F5F1102B5EC6AA00560A3D /* FirebaseRemoteConfig */,
				A3F5F1122B5EC6AA00560A3D /* FirebaseRemoteConfigSwift */,
				A3F5F1142B5EC6AA00560A3D /* FirebaseStorage */,
				A3F5F1162B5EC6AA00560A3D /* FirebaseStorageCombine-Community */,
				A323728F2B64231000678E7D /* IQKeyboardManagerSwift */,
			);
			productName = Chatty;
			productReference = A32AC4E82B583D0C00C71A49 /* Chatty.app */;
			productType = "com.apple.product-type.application";
		};
/* End PBXNativeTarget section */

/* Begin PBXProject section */
		A32AC4E02B583D0C00C71A49 /* Project object */ = {
			isa = PBXProject;
			attributes = {
				BuildIndependentTargetsInParallel = 1;
				LastSwiftUpdateCheck = 1520;
				LastUpgradeCheck = 1520;
				TargetAttributes = {
					A32AC4E72B583D0C00C71A49 = {
						CreatedOnToolsVersion = 15.2;
					};
				};
			};
			buildConfigurationList = A32AC4E32B583D0C00C71A49 /* Build configuration list for PBXProject "Chatty" */;
			compatibilityVersion = "Xcode 14.0";
			developmentRegion = en;
			hasScannedForEncodings = 0;
			knownRegions = (
				en,
				Base,
			);
			mainGroup = A32AC4DF2B583D0C00C71A49;
			packageReferences = (
				A3F5F0E12B5EC6AA00560A3D /* XCRemoteSwiftPackageReference "firebase-ios-sdk" */,
				A323728E2B64231000678E7D /* XCRemoteSwiftPackageReference "IQKeyboardManager" */,
			);
			productRefGroup = A32AC4E92B583D0C00C71A49 /* Products */;
			projectDirPath = "";
			projectRoot = "";
			targets = (
				A32AC4E72B583D0C00C71A49 /* Chatty */,
			);
		};
/* End PBXProject section */

/* Begin PBXResourcesBuildPhase section */
		A32AC4E62B583D0C00C71A49 /* Resources */ = {
			isa = PBXResourcesBuildPhase;
			buildActionMask = 2147483647;
			files = (
				A323728D2B6175F700678E7D /* MessageCell.xib in Resources */,
				A32AC4F82B583D0F00C71A49 /* LaunchScreen.storyboard in Resources */,
				A32372852B5ECE2B00678E7D /* GoogleService-Info.plist in Resources */,
				A32AC4F52B583D0F00C71A49 /* Assets.xcassets in Resources */,
				A32AC4F32B583D0C00C71A49 /* Main.storyboard in Resources */,
			);
			runOnlyForDeploymentPostprocessing = 0;
		};
/* End PBXResourcesBuildPhase section */

/* Begin PBXSourcesBuildPhase section */
		A32AC4E42B583D0C00C71A49 /* Sources */ = {
			isa = PBXSourcesBuildPhase;
			buildActionMask = 2147483647;
			files = (
				A32AC4F02B583D0C00C71A49 /* WelcomeViewController.swift in Sources */,
				A32AC4EC2B583D0C00C71A49 /* AppDelegate.swift in Sources */,
				A32AC4EE2B583D0C00C71A49 /* SceneDelegate.swift in Sources */,
				A34B3B472B59A2DE00945525 /* LogInViewController.swift in Sources */,
				A32372872B6021DB00678E7D /* Constants.swift in Sources */,
				A32372892B616FA600678E7D /* Message.swift in Sources */,
				A34B3B492B59A31300945525 /* ChatViewController.swift in Sources */,
				A34B3B452B59A29400945525 /* RegisterViewController.swift in Sources */,
				A323728C2B6175F700678E7D /* MessageCell.swift in Sources */,
			);
			runOnlyForDeploymentPostprocessing = 0;
		};
/* End PBXSourcesBuildPhase section */

/* Begin PBXVariantGroup section */
		A32AC4F12B583D0C00C71A49 /* Main.storyboard */ = {
			isa = PBXVariantGroup;
			children = (
				A32AC4F22B583D0C00C71A49 /* Base */,
			);
			name = Main.storyboard;
			sourceTree = "<group>";
		};
		A32AC4F62B583D0F00C71A49 /* LaunchScreen.storyboard */ = {
			isa = PBXVariantGroup;
			children = (
				A32AC4F72B583D0F00C71A49 /* Base */,
			);
			name = LaunchScreen.storyboard;
			sourceTree = "<group>";
		};
/* End PBXVariantGroup section */

/* Begin XCBuildConfiguration section */
		A32AC4FA2B583D0F00C71A49 /* Debug */ = {
			isa = XCBuildConfiguration;
			buildSettings = {
				ALWAYS_SEARCH_USER_PATHS = NO;
				ASSETCATALOG_COMPILER_GENERATE_SWIFT_ASSET_SYMBOL_EXTENSIONS = YES;
				CLANG_ANALYZER_NONNULL = YES;
				CLANG_ANALYZER_NUMBER_OBJECT_CONVERSION = YES_AGGRESSIVE;
				CLANG_CXX_LANGUAGE_STANDARD = "gnu++20";
				CLANG_ENABLE_MODULES = YES;
				CLANG_ENABLE_OBJC_ARC = YES;
				CLANG_ENABLE_OBJC_WEAK = YES;
				CLANG_WARN_BLOCK_CAPTURE_AUTORELEASING = YES;
				CLANG_WARN_BOOL_CONVERSION = YES;
				CLANG_WARN_COMMA = YES;
				CLANG_WARN_CONSTANT_CONVERSION = YES;
				CLANG_WARN_DEPRECATED_OBJC_IMPLEMENTATIONS = YES;
				CLANG_WARN_DIRECT_OBJC_ISA_USAGE = YES_ERROR;
				CLANG_WARN_DOCUMENTATION_COMMENTS = YES;
				CLANG_WARN_EMPTY_BODY = YES;
				CLANG_WARN_ENUM_CONVERSION = YES;
				CLANG_WARN_INFINITE_RECURSION = YES;
				CLANG_WARN_INT_CONVERSION = YES;
				CLANG_WARN_NON_LITERAL_NULL_CONVERSION = YES;
				CLANG_WARN_OBJC_IMPLICIT_RETAIN_SELF = YES;
				CLANG_WARN_OBJC_LITERAL_CONVERSION = YES;
				CLANG_WARN_OBJC_ROOT_CLASS = YES_ERROR;
				CLANG_WARN_QUOTED_INCLUDE_IN_FRAMEWORK_HEADER = YES;
				CLANG_WARN_RANGE_LOOP_ANALYSIS = YES;
				CLANG_WARN_STRICT_PROTOTYPES = YES;
				CLANG_WARN_SUSPICIOUS_MOVE = YES;
				CLANG_WARN_UNGUARDED_AVAILABILITY = YES_AGGRESSIVE;
				CLANG_WARN_UNREACHABLE_CODE = YES;
				CLANG_WARN__DUPLICATE_METHOD_MATCH = YES;
				COPY_PHASE_STRIP = NO;
				DEBUG_INFORMATION_FORMAT = dwarf;
				ENABLE_STRICT_OBJC_MSGSEND = YES;
				ENABLE_TESTABILITY = YES;
				ENABLE_USER_SCRIPT_SANDBOXING = YES;
				GCC_C_LANGUAGE_STANDARD = gnu17;
				GCC_DYNAMIC_NO_PIC = NO;
				GCC_NO_COMMON_BLOCKS = YES;
				GCC_OPTIMIZATION_LEVEL = 0;
				GCC_PREPROCESSOR_DEFINITIONS = (
					"DEBUG=1",
					"$(inherited)",
				);
				GCC_WARN_64_TO_32_BIT_CONVERSION = YES;
				GCC_WARN_ABOUT_RETURN_TYPE = YES_ERROR;
				GCC_WARN_UNDECLARED_SELECTOR = YES;
				GCC_WARN_UNINITIALIZED_AUTOS = YES_AGGRESSIVE;
				GCC_WARN_UNUSED_FUNCTION = YES;
				GCC_WARN_UNUSED_VARIABLE = YES;
				IPHONEOS_DEPLOYMENT_TARGET = 17.2;
				LOCALIZATION_PREFERS_STRING_CATALOGS = YES;
				MTL_ENABLE_DEBUG_INFO = INCLUDE_SOURCE;
				MTL_FAST_MATH = YES;
				ONLY_ACTIVE_ARCH = YES;
				SDKROOT = iphoneos;
				SWIFT_ACTIVE_COMPILATION_CONDITIONS = "DEBUG $(inherited)";
				SWIFT_OPTIMIZATION_LEVEL = "-Onone";
			};
			name = Debug;
		};
		A32AC4FB2B583D0F00C71A49 /* Release */ = {
			isa = XCBuildConfiguration;
			buildSettings = {
				ALWAYS_SEARCH_USER_PATHS = NO;
				ASSETCATALOG_COMPILER_GENERATE_SWIFT_ASSET_SYMBOL_EXTENSIONS = YES;
				CLANG_ANALYZER_NONNULL = YES;
				CLANG_ANALYZER_NUMBER_OBJECT_CONVERSION = YES_AGGRESSIVE;
				CLANG_CXX_LANGUAGE_STANDARD = "gnu++20";
				CLANG_ENABLE_MODULES = YES;
				CLANG_ENABLE_OBJC_ARC = YES;
				CLANG_ENABLE_OBJC_WEAK = YES;
				CLANG_WARN_BLOCK_CAPTURE_AUTORELEASING = YES;
				CLANG_WARN_BOOL_CONVERSION = YES;
				CLANG_WARN_COMMA = YES;
				CLANG_WARN_CONSTANT_CONVERSION = YES;
				CLANG_WARN_DEPRECATED_OBJC_IMPLEMENTATIONS = YES;
				CLANG_WARN_DIRECT_OBJC_ISA_USAGE = YES_ERROR;
				CLANG_WARN_DOCUMENTATION_COMMENTS = YES;
				CLANG_WARN_EMPTY_BODY = YES;
				CLANG_WARN_ENUM_CONVERSION = YES;
				CLANG_WARN_INFINITE_RECURSION = YES;
				CLANG_WARN_INT_CONVERSION = YES;
				CLANG_WARN_NON_LITERAL_NULL_CONVERSION = YES;
				CLANG_WARN_OBJC_IMPLICIT_RETAIN_SELF = YES;
				CLANG_WARN_OBJC_LITERAL_CONVERSION = YES;
				CLANG_WARN_OBJC_ROOT_CLASS = YES_ERROR;
				CLANG_WARN_QUOTED_INCLUDE_IN_FRAMEWORK_HEADER = YES;
				CLANG_WARN_RANGE_LOOP_ANALYSIS = YES;
				CLANG_WARN_STRICT_PROTOTYPES = YES;
				CLANG_WARN_SUSPICIOUS_MOVE = YES;
				CLANG_WARN_UNGUARDED_AVAILABILITY = YES_AGGRESSIVE;
				CLANG_WARN_UNREACHABLE_CODE = YES;
				CLANG_WARN__DUPLICATE_METHOD_MATCH = YES;
				COPY_PHASE_STRIP = NO;
				DEBUG_INFORMATION_FORMAT = "dwarf-with-dsym";
				ENABLE_NS_ASSERTIONS = NO;
				ENABLE_STRICT_OBJC_MSGSEND = YES;
				ENABLE_USER_SCRIPT_SANDBOXING = YES;
				GCC_C_LANGUAGE_STANDARD = gnu17;
				GCC_NO_COMMON_BLOCKS = YES;
				GCC_WARN_64_TO_32_BIT_CONVERSION = YES;
				GCC_WARN_ABOUT_RETURN_TYPE = YES_ERROR;
				GCC_WARN_UNDECLARED_SELECTOR = YES;
				GCC_WARN_UNINITIALIZED_AUTOS = YES_AGGRESSIVE;
				GCC_WARN_UNUSED_FUNCTION = YES;
				GCC_WARN_UNUSED_VARIABLE = YES;
				IPHONEOS_DEPLOYMENT_TARGET = 17.2;
				LOCALIZATION_PREFERS_STRING_CATALOGS = YES;
				MTL_ENABLE_DEBUG_INFO = NO;
				MTL_FAST_MATH = YES;
				SDKROOT = iphoneos;
				SWIFT_COMPILATION_MODE = wholemodule;
				VALIDATE_PRODUCT = YES;
			};
			name = Release;
		};
		A32AC4FD2B583D0F00C71A49 /* Debug */ = {
			isa = XCBuildConfiguration;
			buildSettings = {
				ASSETCATALOG_COMPILER_APPICON_NAME = AppIcon;
				ASSETCATALOG_COMPILER_GLOBAL_ACCENT_COLOR_NAME = AccentColor;
				CODE_SIGN_STYLE = Automatic;
				CURRENT_PROJECT_VERSION = 1;
				DEVELOPMENT_TEAM = SPGYRG4SYY;
				GENERATE_INFOPLIST_FILE = YES;
				INFOPLIST_FILE = Chatty/Info.plist;
				INFOPLIST_KEY_UIApplicationSupportsIndirectInputEvents = YES;
				INFOPLIST_KEY_UILaunchStoryboardName = LaunchScreen;
				INFOPLIST_KEY_UIMainStoryboardFile = Main;
				INFOPLIST_KEY_UISupportedInterfaceOrientations_iPad = "UIInterfaceOrientationPortrait UIInterfaceOrientationPortraitUpsideDown UIInterfaceOrientationLandscapeLeft UIInterfaceOrientationLandscapeRight";
				INFOPLIST_KEY_UISupportedInterfaceOrientations_iPhone = "UIInterfaceOrientationPortrait UIInterfaceOrientationLandscapeLeft UIInterfaceOrientationLandscapeRight";
				LD_RUNPATH_SEARCH_PATHS = (
					"$(inherited)",
					"@executable_path/Frameworks",
				);
				MARKETING_VERSION = 1.0;
				PRODUCT_BUNDLE_IDENTIFIER = com.Jules.Chatty;
				PRODUCT_NAME = "$(TARGET_NAME)";
				SWIFT_EMIT_LOC_STRINGS = YES;
				SWIFT_VERSION = 5.0;
				TARGETED_DEVICE_FAMILY = "1,2";
			};
			name = Debug;
		};
		A32AC4FE2B583D0F00C71A49 /* Release */ = {
			isa = XCBuildConfiguration;
			buildSettings = {
				ASSETCATALOG_COMPILER_APPICON_NAME = AppIcon;
				ASSETCATALOG_COMPILER_GLOBAL_ACCENT_COLOR_NAME = AccentColor;
				CODE_SIGN_STYLE = Automatic;
				CURRENT_PROJECT_VERSION = 1;
				DEVELOPMENT_TEAM = SPGYRG4SYY;
				GENERATE_INFOPLIST_FILE = YES;
				INFOPLIST_FILE = Chatty/Info.plist;
				INFOPLIST_KEY_UIApplicationSupportsIndirectInputEvents = YES;
				INFOPLIST_KEY_UILaunchStoryboardName = LaunchScreen;
				INFOPLIST_KEY_UIMainStoryboardFile = Main;
				INFOPLIST_KEY_UISupportedInterfaceOrientations_iPad = "UIInterfaceOrientationPortrait UIInterfaceOrientationPortraitUpsideDown UIInterfaceOrientationLandscapeLeft UIInterfaceOrientationLandscapeRight";
				INFOPLIST_KEY_UISupportedInterfaceOrientations_iPhone = "UIInterfaceOrientationPortrait UIInterfaceOrientationLandscapeLeft UIInterfaceOrientationLandscapeRight";
				LD_RUNPATH_SEARCH_PATHS = (
					"$(inherited)",
					"@executable_path/Frameworks",
				);
				MARKETING_VERSION = 1.0;
				PRODUCT_BUNDLE_IDENTIFIER = com.Jules.Chatty;
				PRODUCT_NAME = "$(TARGET_NAME)";
				SWIFT_EMIT_LOC_STRINGS = YES;
				SWIFT_VERSION = 5.0;
				TARGETED_DEVICE_FAMILY = "1,2";
			};
			name = Release;
		};
/* End XCBuildConfiguration section */

/* Begin XCConfigurationList section */
		A32AC4E32B583D0C00C71A49 /* Build configuration list for PBXProject "Chatty" */ = {
			isa = XCConfigurationList;
			buildConfigurations = (
				A32AC4FA2B583D0F00C71A49 /* Debug */,
				A32AC4FB2B583D0F00C71A49 /* Release */,
			);
			defaultConfigurationIsVisible = 0;
			defaultConfigurationName = Release;
		};
		A32AC4FC2B583D0F00C71A49 /* Build configuration list for PBXNativeTarget "Chatty" */ = {
			isa = XCConfigurationList;
			buildConfigurations = (
				A32AC4FD2B583D0F00C71A49 /* Debug */,
				A32AC4FE2B583D0F00C71A49 /* Release */,
			);
			defaultConfigurationIsVisible = 0;
			defaultConfigurationName = Release;
		};
/* End XCConfigurationList section */

/* Begin XCRemoteSwiftPackageReference section */
		A323728E2B64231000678E7D /* XCRemoteSwiftPackageReference "IQKeyboardManager" */ = {
			isa = XCRemoteSwiftPackageReference;
			repositoryURL = "https://github.com/hackiftekhar/IQKeyboardManager.git";
			requirement = {
				kind = upToNextMajorVersion;
				minimumVersion = 7.0.0;
			};
		};
		A3F5F0E12B5EC6AA00560A3D /* XCRemoteSwiftPackageReference "firebase-ios-sdk" */ = {
			isa = XCRemoteSwiftPackageReference;
			repositoryURL = "https://github.com/firebase/firebase-ios-sdk.git";
			requirement = {
				kind = upToNextMajorVersion;
				minimumVersion = 10.20.0;
			};
		};
/* End XCRemoteSwiftPackageReference section */

/* Begin XCSwiftPackageProductDependency section */
		A323728F2B64231000678E7D /* IQKeyboardManagerSwift */ = {
			isa = XCSwiftPackageProductDependency;
			package = A323728E2B64231000678E7D /* XCRemoteSwiftPackageReference "IQKeyboardManager" */;
			productName = IQKeyboardManagerSwift;
		};
		A3F5F0E22B5EC6AA00560A3D /* FirebaseAnalytics */ = {
			isa = XCSwiftPackageProductDependency;
			package = A3F5F0E12B5EC6AA00560A3D /* XCRemoteSwiftPackageReference "firebase-ios-sdk" */;
			productName = FirebaseAnalytics;
		};
		A3F5F0E42B5EC6AA00560A3D /* FirebaseAnalyticsOnDeviceConversion */ = {
			isa = XCSwiftPackageProductDependency;
			package = A3F5F0E12B5EC6AA00560A3D /* XCRemoteSwiftPackageReference "firebase-ios-sdk" */;
			productName = FirebaseAnalyticsOnDeviceConversion;
		};
		A3F5F0E62B5EC6AA00560A3D /* FirebaseAnalyticsSwift */ = {
			isa = XCSwiftPackageProductDependency;
			package = A3F5F0E12B5EC6AA00560A3D /* XCRemoteSwiftPackageReference "firebase-ios-sdk" */;
			productName = FirebaseAnalyticsSwift;
		};
		A3F5F0E82B5EC6AA00560A3D /* FirebaseAnalyticsWithoutAdIdSupport */ = {
			isa = XCSwiftPackageProductDependency;
			package = A3F5F0E12B5EC6AA00560A3D /* XCRemoteSwiftPackageReference "firebase-ios-sdk" */;
			productName = FirebaseAnalyticsWithoutAdIdSupport;
		};
		A3F5F0EA2B5EC6AA00560A3D /* FirebaseAppCheck */ = {
			isa = XCSwiftPackageProductDependency;
			package = A3F5F0E12B5EC6AA00560A3D /* XCRemoteSwiftPackageReference "firebase-ios-sdk" */;
			productName = FirebaseAppCheck;
		};
		A3F5F0EC2B5EC6AA00560A3D /* FirebaseAppDistribution-Beta */ = {
			isa = XCSwiftPackageProductDependency;
			package = A3F5F0E12B5EC6AA00560A3D /* XCRemoteSwiftPackageReference "firebase-ios-sdk" */;
			productName = "FirebaseAppDistribution-Beta";
		};
		A3F5F0EE2B5EC6AA00560A3D /* FirebaseAuth */ = {
			isa = XCSwiftPackageProductDependency;
			package = A3F5F0E12B5EC6AA00560A3D /* XCRemoteSwiftPackageReference "firebase-ios-sdk" */;
			productName = FirebaseAuth;
		};
		A3F5F0F02B5EC6AA00560A3D /* FirebaseAuthCombine-Community */ = {
			isa = XCSwiftPackageProductDependency;
			package = A3F5F0E12B5EC6AA00560A3D /* XCRemoteSwiftPackageReference "firebase-ios-sdk" */;
			productName = "FirebaseAuthCombine-Community";
		};
		A3F5F0F22B5EC6AA00560A3D /* FirebaseCrashlytics */ = {
			isa = XCSwiftPackageProductDependency;
			package = A3F5F0E12B5EC6AA00560A3D /* XCRemoteSwiftPackageReference "firebase-ios-sdk" */;
			productName = FirebaseCrashlytics;
		};
		A3F5F0F42B5EC6AA00560A3D /* FirebaseDatabase */ = {
			isa = XCSwiftPackageProductDependency;
			package = A3F5F0E12B5EC6AA00560A3D /* XCRemoteSwiftPackageReference "firebase-ios-sdk" */;
			productName = FirebaseDatabase;
		};
		A3F5F0F62B5EC6AA00560A3D /* FirebaseDatabaseSwift */ = {
			isa = XCSwiftPackageProductDependency;
			package = A3F5F0E12B5EC6AA00560A3D /* XCRemoteSwiftPackageReference "firebase-ios-sdk" */;
			productName = FirebaseDatabaseSwift;
		};
		A3F5F0F82B5EC6AA00560A3D /* FirebaseDynamicLinks */ = {
			isa = XCSwiftPackageProductDependency;
			package = A3F5F0E12B5EC6AA00560A3D /* XCRemoteSwiftPackageReference "firebase-ios-sdk" */;
			productName = FirebaseDynamicLinks;
		};
		A3F5F0FA2B5EC6AA00560A3D /* FirebaseFirestore */ = {
			isa = XCSwiftPackageProductDependency;
			package = A3F5F0E12B5EC6AA00560A3D /* XCRemoteSwiftPackageReference "firebase-ios-sdk" */;
			productName = FirebaseFirestore;
		};
		A3F5F0FC2B5EC6AA00560A3D /* FirebaseFirestoreCombine-Community */ = {
			isa = XCSwiftPackageProductDependency;
			package = A3F5F0E12B5EC6AA00560A3D /* XCRemoteSwiftPackageReference "firebase-ios-sdk" */;
			productName = "FirebaseFirestoreCombine-Community";
		};
		A3F5F0FE2B5EC6AA00560A3D /* FirebaseFirestoreSwift */ = {
			isa = XCSwiftPackageProductDependency;
			package = A3F5F0E12B5EC6AA00560A3D /* XCRemoteSwiftPackageReference "firebase-ios-sdk" */;
			productName = FirebaseFirestoreSwift;
		};
		A3F5F1002B5EC6AA00560A3D /* FirebaseFunctions */ = {
			isa = XCSwiftPackageProductDependency;
			package = A3F5F0E12B5EC6AA00560A3D /* XCRemoteSwiftPackageReference "firebase-ios-sdk" */;
			productName = FirebaseFunctions;
		};
		A3F5F1022B5EC6AA00560A3D /* FirebaseFunctionsCombine-Community */ = {
			isa = XCSwiftPackageProductDependency;
			package = A3F5F0E12B5EC6AA00560A3D /* XCRemoteSwiftPackageReference "firebase-ios-sdk" */;
			productName = "FirebaseFunctionsCombine-Community";
		};
		A3F5F1042B5EC6AA00560A3D /* FirebaseInAppMessaging-Beta */ = {
			isa = XCSwiftPackageProductDependency;
			package = A3F5F0E12B5EC6AA00560A3D /* XCRemoteSwiftPackageReference "firebase-ios-sdk" */;
			productName = "FirebaseInAppMessaging-Beta";
		};
		A3F5F1062B5EC6AA00560A3D /* FirebaseInAppMessagingSwift-Beta */ = {
			isa = XCSwiftPackageProductDependency;
			package = A3F5F0E12B5EC6AA00560A3D /* XCRemoteSwiftPackageReference "firebase-ios-sdk" */;
			productName = "FirebaseInAppMessagingSwift-Beta";
		};
		A3F5F1082B5EC6AA00560A3D /* FirebaseInstallations */ = {
			isa = XCSwiftPackageProductDependency;
			package = A3F5F0E12B5EC6AA00560A3D /* XCRemoteSwiftPackageReference "firebase-ios-sdk" */;
			productName = FirebaseInstallations;
		};
		A3F5F10A2B5EC6AA00560A3D /* FirebaseMLModelDownloader */ = {
			isa = XCSwiftPackageProductDependency;
			package = A3F5F0E12B5EC6AA00560A3D /* XCRemoteSwiftPackageReference "firebase-ios-sdk" */;
			productName = FirebaseMLModelDownloader;
		};
		A3F5F10C2B5EC6AA00560A3D /* FirebaseMessaging */ = {
			isa = XCSwiftPackageProductDependency;
			package = A3F5F0E12B5EC6AA00560A3D /* XCRemoteSwiftPackageReference "firebase-ios-sdk" */;
			productName = FirebaseMessaging;
		};
		A3F5F10E2B5EC6AA00560A3D /* FirebasePerformance */ = {
			isa = XCSwiftPackageProductDependency;
			package = A3F5F0E12B5EC6AA00560A3D /* XCRemoteSwiftPackageReference "firebase-ios-sdk" */;
			productName = FirebasePerformance;
		};
		A3F5F1102B5EC6AA00560A3D /* FirebaseRemoteConfig */ = {
			isa = XCSwiftPackageProductDependency;
			package = A3F5F0E12B5EC6AA00560A3D /* XCRemoteSwiftPackageReference "firebase-ios-sdk" */;
			productName = FirebaseRemoteConfig;
		};
		A3F5F1122B5EC6AA00560A3D /* FirebaseRemoteConfigSwift */ = {
			isa = XCSwiftPackageProductDependency;
			package = A3F5F0E12B5EC6AA00560A3D /* XCRemoteSwiftPackageReference "firebase-ios-sdk" */;
			productName = FirebaseRemoteConfigSwift;
		};
		A3F5F1142B5EC6AA00560A3D /* FirebaseStorage */ = {
			isa = XCSwiftPackageProductDependency;
			package = A3F5F0E12B5EC6AA00560A3D /* XCRemoteSwiftPackageReference "firebase-ios-sdk" */;
			productName = FirebaseStorage;
		};
		A3F5F1162B5EC6AA00560A3D /* FirebaseStorageCombine-Community */ = {
			isa = XCSwiftPackageProductDependency;
			package = A3F5F0E12B5EC6AA00560A3D /* XCRemoteSwiftPackageReference "firebase-ios-sdk" */;
			productName = "FirebaseStorageCombine-Community";
		};
/* End XCSwiftPackageProductDependency section */
	};
	rootObject = A32AC4E02B583D0C00C71A49 /* Project object */;
}
